
Microsoft Visual Studio Solution File, Format Version 12.00
# Visual Studio Version 17
VisualStudioVersion = 17.14.36414.22 d17.14
MinimumVisualStudioVersion = 10.0.40219.1
Project("{FAE04EC0-301F-11D3-BF4B-00C04F79EFBC}") = "MicroservicioEditoriales", "MicroservicioEditoriales\MicroservicioEditoriales.csproj", "{A7355DDB-4344-40A9-8CC0-1230BAC321FD}"
EndProject
Global
	GlobalSection(SolutionConfigurationPlatforms) = preSolution
		Debug|Any CPU = Debug|Any CPU
		Release|Any CPU = Release|Any CPU
	EndGlobalSection
	GlobalSection(ProjectConfigurationPlatforms) = postSolution
		{A7355DDB-4344-40A9-8CC0-1230BAC321FD}.Debug|Any CPU.ActiveCfg = Debug|Any CPU
		{A7355DDB-4344-40A9-8CC0-1230BAC321FD}.Debug|Any CPU.Build.0 = Debug|Any CPU
		{A7355DDB-4344-40A9-8CC0-1230BAC321FD}.Release|Any CPU.ActiveCfg = Release|Any CPU
		{A7355DDB-4344-40A9-8CC0-1230BAC321FD}.Release|Any CPU.Build.0 = Release|Any CPU
	EndGlobalSection
	GlobalSection(SolutionProperties) = preSolution
		HideSolutionNode = FALSE
	EndGlobalSection
	GlobalSection(ExtensibilityGlobals) = postSolution
		SolutionGuid = {51472172-6353-45FB-8ECA-50405F4C26F5}
	EndGlobalSection
EndGlobal
